
Microsoft Visual Studio Solution File, Format Version 12.00
# Visual Studio 2013
VisualStudioVersion = 12.0.31101.0
MinimumVisualStudioVersion = 10.0.40219.1
Project("{2150E333-8FDC-42A3-9474-1A3956D46DE8}") = "Test", "Test", "{FE344644-40D8-420A-9C4B-CA9B9879152D}"
EndProject
Project("{2150E333-8FDC-42A3-9474-1A3956D46DE8}") = "Source", "Source", "{304E77B8-2D5B-4B2E-B146-D346E22E3C28}"
EndProject
Project("{FAE04EC0-301F-11D3-BF4B-00C04F79EFBC}") = "netSharp.Server", "Source\netSharp.Server\netSharp.Server.csproj", "{5776D090-CAE8-492F-B15A-5530EF7A45CF}"
EndProject
Project("{FAE04EC0-301F-11D3-BF4B-00C04F79EFBC}") = "netSharp.Mobile", "Source\netSharp.Mobile\netSharp.Mobile.csproj", "{C72DF0CD-C4A2-460F-8DB1-9F8AB69E49D6}"
EndProject
Project("{FAE04EC0-301F-11D3-BF4B-00C04F79EFBC}") = "netSharp.Core", "Source\netSharp.Core\netSharp.Core.csproj", "{35D5F727-048B-4277-BF0D-6BA99694FFBF}"
EndProject
Project("{FAE04EC0-301F-11D3-BF4B-00C04F79EFBC}") = "Test.Endpoint", "Test\Test.Endpoint\Test.Endpoint.csproj", "{EF2A6C4A-CEEC-4D26-B64D-A4A65A2C1EC1}"
EndProject
Project("{FAE04EC0-301F-11D3-BF4B-00C04F79EFBC}") = "Test.WP", "Test\Test.WP\Test.WP.csproj", "{FE1DE1BC-B609-47E4-BE4C-86859A5CF605}"
EndProject
Global
	GlobalSection(SolutionConfigurationPlatforms) = preSolution
		Debug|Any CPU = Debug|Any CPU
		Debug|ARM = Debug|ARM
		Debug|Mixed Platforms = Debug|Mixed Platforms
		Debug|x64 = Debug|x64
		Debug|x86 = Debug|x86
		Release|Any CPU = Release|Any CPU
		Release|ARM = Release|ARM
		Release|Mixed Platforms = Release|Mixed Platforms
		Release|x64 = Release|x64
		Release|x86 = Release|x86
	EndGlobalSection
	GlobalSection(ProjectConfigurationPlatforms) = postSolution
		{5776D090-CAE8-492F-B15A-5530EF7A45CF}.Debug|Any CPU.ActiveCfg = Debug|Any CPU
		{5776D090-CAE8-492F-B15A-5530EF7A45CF}.Debug|Any CPU.Build.0 = Debug|Any CPU
		{5776D090-CAE8-492F-B15A-5530EF7A45CF}.Debug|ARM.ActiveCfg = Debug|Any CPU
		{5776D090-CAE8-492F-B15A-5530EF7A45CF}.Debug|Mixed Platforms.ActiveCfg = Debug|Any CPU
		{5776D090-CAE8-492F-B15A-5530EF7A45CF}.Debug|Mixed Platforms.Build.0 = Debug|Any CPU
		{5776D090-CAE8-492F-B15A-5530EF7A45CF}.Debug|x64.ActiveCfg = Debug|x64
		{5776D090-CAE8-492F-B15A-5530EF7A45CF}.Debug|x64.Build.0 = Debug|x64
		{5776D090-CAE8-492F-B15A-5530EF7A45CF}.Debug|x86.ActiveCfg = Debug|Any CPU
		{5776D090-CAE8-492F-B15A-5530EF7A45CF}.Release|Any CPU.ActiveCfg = Release|Any CPU
		{5776D090-CAE8-492F-B15A-5530EF7A45CF}.Release|Any CPU.Build.0 = Release|Any CPU
		{5776D090-CAE8-492F-B15A-5530EF7A45CF}.Release|ARM.ActiveCfg = Release|Any CPU
		{5776D090-CAE8-492F-B15A-5530EF7A45CF}.Release|Mixed Platforms.ActiveCfg = Release|Any CPU
		{5776D090-CAE8-492F-B15A-5530EF7A45CF}.Release|Mixed Platforms.Build.0 = Release|Any CPU
		{5776D090-CAE8-492F-B15A-5530EF7A45CF}.Release|x64.ActiveCfg = Release|x64
		{5776D090-CAE8-492F-B15A-5530EF7A45CF}.Release|x64.Build.0 = Release|x64
		{5776D090-CAE8-492F-B15A-5530EF7A45CF}.Release|x86.ActiveCfg = Release|Any CPU
		{C72DF0CD-C4A2-460F-8DB1-9F8AB69E49D6}.Debug|Any CPU.ActiveCfg = Debug|Any CPU
		{C72DF0CD-C4A2-460F-8DB1-9F8AB69E49D6}.Debug|Any CPU.Build.0 = Debug|Any CPU
		{C72DF0CD-C4A2-460F-8DB1-9F8AB69E49D6}.Debug|ARM.ActiveCfg = Debug|ARM
		{C72DF0CD-C4A2-460F-8DB1-9F8AB69E49D6}.Debug|ARM.Build.0 = Debug|ARM
		{C72DF0CD-C4A2-460F-8DB1-9F8AB69E49D6}.Debug|Mixed Platforms.ActiveCfg = Debug|Any CPU
		{C72DF0CD-C4A2-460F-8DB1-9F8AB69E49D6}.Debug|Mixed Platforms.Build.0 = Debug|Any CPU
		{C72DF0CD-C4A2-460F-8DB1-9F8AB69E49D6}.Debug|x64.ActiveCfg = Debug|Any CPU
		{C72DF0CD-C4A2-460F-8DB1-9F8AB69E49D6}.Debug|x86.ActiveCfg = Debug|x86
		{C72DF0CD-C4A2-460F-8DB1-9F8AB69E49D6}.Debug|x86.Build.0 = Debug|x86
		{C72DF0CD-C4A2-460F-8DB1-9F8AB69E49D6}.Release|Any CPU.ActiveCfg = Release|Any CPU
		{C72DF0CD-C4A2-460F-8DB1-9F8AB69E49D6}.Release|Any CPU.Build.0 = Release|Any CPU
		{C72DF0CD-C4A2-460F-8DB1-9F8AB69E49D6}.Release|ARM.ActiveCfg = Release|ARM
		{C72DF0CD-C4A2-460F-8DB1-9F8AB69E49D6}.Release|ARM.Build.0 = Release|ARM
		{C72DF0CD-C4A2-460F-8DB1-9F8AB69E49D6}.Release|Mixed Platforms.ActiveCfg = Release|x86
		{C72DF0CD-C4A2-460F-8DB1-9F8AB69E49D6}.Release|Mixed Platforms.Build.0 = Release|x86
		{C72DF0CD-C4A2-460F-8DB1-9F8AB69E49D6}.Release|x64.ActiveCfg = Release|Any CPU
		{C72DF0CD-C4A2-460F-8DB1-9F8AB69E49D6}.Release|x86.ActiveCfg = Release|x86
		{C72DF0CD-C4A2-460F-8DB1-9F8AB69E49D6}.Release|x86.Build.0 = Release|x86
		{35D5F727-048B-4277-BF0D-6BA99694FFBF}.Debug|Any CPU.ActiveCfg = Debug|Any CPU
		{35D5F727-048B-4277-BF0D-6BA99694FFBF}.Debug|Any CPU.Build.0 = Debug|Any CPU
		{35D5F727-048B-4277-BF0D-6BA99694FFBF}.Debug|ARM.ActiveCfg = Debug|Any CPU
		{35D5F727-048B-4277-BF0D-6BA99694FFBF}.Debug|Mixed Platforms.ActiveCfg = Debug|Any CPU
		{35D5F727-048B-4277-BF0D-6BA99694FFBF}.Debug|Mixed Platforms.Build.0 = Debug|Any CPU
		{35D5F727-048B-4277-BF0D-6BA99694FFBF}.Debug|x64.ActiveCfg = Debug|Any CPU
		{35D5F727-048B-4277-BF0D-6BA99694FFBF}.Debug|x86.ActiveCfg = Debug|Any CPU
		{35D5F727-048B-4277-BF0D-6BA99694FFBF}.Release|Any CPU.ActiveCfg = Release|Any CPU
		{35D5F727-048B-4277-BF0D-6BA99694FFBF}.Release|Any CPU.Build.0 = Release|Any CPU
		{35D5F727-048B-4277-BF0D-6BA99694FFBF}.Release|ARM.ActiveCfg = Release|Any CPU
		{35D5F727-048B-4277-BF0D-6BA99694FFBF}.Release|Mixed Platforms.ActiveCfg = Release|Any CPU
		{35D5F727-048B-4277-BF0D-6BA99694FFBF}.Release|Mixed Platforms.Build.0 = Release|Any CPU
		{35D5F727-048B-4277-BF0D-6BA99694FFBF}.Release|x64.ActiveCfg = Release|Any CPU
		{35D5F727-048B-4277-BF0D-6BA99694FFBF}.Release|x86.ActiveCfg = Release|Any CPU
		{EF2A6C4A-CEEC-4D26-B64D-A4A65A2C1EC1}.Debug|Any CPU.ActiveCfg = Debug|Any CPU
		{EF2A6C4A-CEEC-4D26-B64D-A4A65A2C1EC1}.Debug|Any CPU.Build.0 = Debug|Any CPU
		{EF2A6C4A-CEEC-4D26-B64D-A4A65A2C1EC1}.Debug|ARM.ActiveCfg = Debug|Any CPU
		{EF2A6C4A-CEEC-4D26-B64D-A4A65A2C1EC1}.Debug|Mixed Platforms.ActiveCfg = Debug|Any CPU
		{EF2A6C4A-CEEC-4D26-B64D-A4A65A2C1EC1}.Debug|Mixed Platforms.Build.0 = Debug|Any CPU
		{EF2A6C4A-CEEC-4D26-B64D-A4A65A2C1EC1}.Debug|x64.ActiveCfg = Debug|Any CPU
		{EF2A6C4A-CEEC-4D26-B64D-A4A65A2C1EC1}.Debug|x86.ActiveCfg = Debug|Any CPU
		{EF2A6C4A-CEEC-4D26-B64D-A4A65A2C1EC1}.Release|Any CPU.ActiveCfg = Release|Any CPU
		{EF2A6C4A-CEEC-4D26-B64D-A4A65A2C1EC1}.Release|Any CPU.Build.0 = Release|Any CPU
		{EF2A6C4A-CEEC-4D26-B64D-A4A65A2C1EC1}.Release|ARM.ActiveCfg = Release|Any CPU
		{EF2A6C4A-CEEC-4D26-B64D-A4A65A2C1EC1}.Release|Mixed Platforms.ActiveCfg = Release|Any CPU
		{EF2A6C4A-CEEC-4D26-B64D-A4A65A2C1EC1}.Release|Mixed Platforms.Build.0 = Release|Any CPU
		{EF2A6C4A-CEEC-4D26-B64D-A4A65A2C1EC1}.Release|x64.ActiveCfg = Release|Any CPU
		{EF2A6C4A-CEEC-4D26-B64D-A4A65A2C1EC1}.Release|x86.ActiveCfg = Release|Any CPU
		{FE1DE1BC-B609-47E4-BE4C-86859A5CF605}.Debug|Any CPU.ActiveCfg = Debug|Any CPU
		{FE1DE1BC-B609-47E4-BE4C-86859A5CF605}.Debug|Any CPU.Build.0 = Debug|Any CPU
		{FE1DE1BC-B609-47E4-BE4C-86859A5CF605}.Debug|Any CPU.Deploy.0 = Debug|Any CPU
		{FE1DE1BC-B609-47E4-BE4C-86859A5CF605}.Debug|ARM.ActiveCfg = Debug|ARM
		{FE1DE1BC-B609-47E4-BE4C-86859A5CF605}.Debug|ARM.Build.0 = Debug|ARM
		{FE1DE1BC-B609-47E4-BE4C-86859A5CF605}.Debug|ARM.Deploy.0 = Debug|ARM
		{FE1DE1BC-B609-47E4-BE4C-86859A5CF605}.Debug|Mixed Platforms.ActiveCfg = Debug|x86
		{FE1DE1BC-B609-47E4-BE4C-86859A5CF605}.Debug|Mixed Platforms.Build.0 = Debug|x86
		{FE1DE1BC-B609-47E4-BE4C-86859A5CF605}.Debug|Mixed Platforms.Deploy.0 = Debug|x86
		{FE1DE1BC-B609-47E4-BE4C-86859A5CF605}.Debug|x64.ActiveCfg = Debug|Any CPU
		{FE1DE1BC-B609-47E4-BE4C-86859A5CF605}.Debug|x86.ActiveCfg = Debug|x86
		{FE1DE1BC-B609-47E4-BE4C-86859A5CF605}.Debug|x86.Build.0 = Debug|x86
		{FE1DE1BC-B609-47E4-BE4C-86859A5CF605}.Debug|x86.Deploy.0 = Debug|x86
		{FE1DE1BC-B609-47E4-BE4C-86859A5CF605}.Release|Any CPU.ActiveCfg = Release|Any CPU
		{FE1DE1BC-B609-47E4-BE4C-86859A5CF605}.Release|Any CPU.Build.0 = Release|Any CPU
		{FE1DE1BC-B609-47E4-BE4C-86859A5CF605}.Release|Any CPU.Deploy.0 = Release|Any CPU
		{FE1DE1BC-B609-47E4-BE4C-86859A5CF605}.Release|ARM.ActiveCfg = Release|ARM
		{FE1DE1BC-B609-47E4-BE4C-86859A5CF605}.Release|ARM.Build.0 = Release|ARM
		{FE1DE1BC-B609-47E4-BE4C-86859A5CF605}.Release|ARM.Deploy.0 = Release|ARM
		{FE1DE1BC-B609-47E4-BE4C-86859A5CF605}.Release|Mixed Platforms.ActiveCfg = Release|x86
		{FE1DE1BC-B609-47E4-BE4C-86859A5CF605}.Release|Mixed Platforms.Build.0 = Release|x86
		{FE1DE1BC-B609-47E4-BE4C-86859A5CF605}.Release|Mixed Platforms.Deploy.0 = Release|x86
		{FE1DE1BC-B609-47E4-BE4C-86859A5CF605}.Release|x64.ActiveCfg = Release|Any CPU
		{FE1DE1BC-B609-47E4-BE4C-86859A5CF605}.Release|x86.ActiveCfg = Release|x86
		{FE1DE1BC-B609-47E4-BE4C-86859A5CF605}.Release|x86.Build.0 = Release|x86
		{FE1DE1BC-B609-47E4-BE4C-86859A5CF605}.Release|x86.Deploy.0 = Release|x86
	EndGlobalSection
	GlobalSection(SolutionProperties) = preSolution
		HideSolutionNode = FALSE
	EndGlobalSection
	GlobalSection(NestedProjects) = preSolution
		{5776D090-CAE8-492F-B15A-5530EF7A45CF} = {304E77B8-2D5B-4B2E-B146-D346E22E3C28}
		{C72DF0CD-C4A2-460F-8DB1-9F8AB69E49D6} = {304E77B8-2D5B-4B2E-B146-D346E22E3C28}
		{35D5F727-048B-4277-BF0D-6BA99694FFBF} = {304E77B8-2D5B-4B2E-B146-D346E22E3C28}
		{EF2A6C4A-CEEC-4D26-B64D-A4A65A2C1EC1} = {FE344644-40D8-420A-9C4B-CA9B9879152D}
		{FE1DE1BC-B609-47E4-BE4C-86859A5CF605} = {FE344644-40D8-420A-9C4B-CA9B9879152D}
	EndGlobalSection
EndGlobal
